
Microsoft Visual Studio Solution File, Format Version 12.00
# Visual Studio Version 16
VisualStudioVersion = 16.0.35425.106
MinimumVisualStudioVersion = 10.0.40219.1
Project("{FAE04EC0-301F-11D3-BF4B-00C04F79EFBC}") = "Sudoku Projesi", "Sudoku Projesi\Sudoku Projesi.csproj", "{4BE8C7FA-797D-40E1-BCB0-166BA06D01C9}"
EndProject
Global
	GlobalSection(SolutionConfigurationPlatforms) = preSolution
		Debug|Any CPU = Debug|Any CPU
		Release|Any CPU = Release|Any CPU
	EndGlobalSection
	GlobalSection(ProjectConfigurationPlatforms) = postSolution
		{4BE8C7FA-797D-40E1-BCB0-166BA06D01C9}.Debug|Any CPU.ActiveCfg = Debug|Any CPU
		{4BE8C7FA-797D-40E1-BCB0-166BA06D01C9}.Debug|Any CPU.Build.0 = Debug|Any CPU
		{4BE8C7FA-797D-40E1-BCB0-166BA06D01C9}.Release|Any CPU.ActiveCfg = Release|Any CPU
		{4BE8C7FA-797D-40E1-BCB0-166BA06D01C9}.Release|Any CPU.Build.0 = Release|Any CPU
	EndGlobalSection
	GlobalSection(SolutionProperties) = preSolution
		HideSolutionNode = FALSE
	EndGlobalSection
	GlobalSection(ExtensibilityGlobals) = postSolution
		SolutionGuid = {F108662E-E120-4746-B143-0F365E2EDF2E}
	EndGlobalSection
EndGlobal
